
Microsoft Visual Studio Solution File, Format Version 12.00
# Visual Studio Version 17
VisualStudioVersion = 17.7.34024.191
MinimumVisualStudioVersion = 10.0.40219.1
Project("{2150E333-8FDC-42A3-9474-1A3956D46DE8}") = "Task0", "Task0", "{AF56DF64-B8AA-4A60-BF39-8EB25E71FBF5}"
EndProject
Project("{FAE04EC0-301F-11D3-BF4B-00C04F79EFBC}") = "Tyuiu.PetrovNE.Sprint0.Task0.V0", "Tyuiu.PetrovNE.Sprint0.Task0.V0\Tyuiu.PetrovNE.Sprint0.Task0.V0.csproj", "{7061B7D7-09FB-48E6-9004-8E5C67867D1E}"
EndProject
Project("{2150E333-8FDC-42A3-9474-1A3956D46DE8}") = "Task1", "Task1", "{CAD6B179-0CC6-465F-B08A-3DDE386C3519}"
EndProject
Project("{FAE04EC0-301F-11D3-BF4B-00C04F79EFBC}") = "Tyuiu.PetrovNE.Sprint0.Task1.V0", "Tyuiu.PetrovNE.Sprint0.Task1.V0\Tyuiu.PetrovNE.Sprint0.Task1.V0.csproj", "{F4E57264-22D4-4A00-BD2F-CCF17805D1A3}"
EndProject
Project("{2150E333-8FDC-42A3-9474-1A3956D46DE8}") = "Task2", "Task2", "{7224923A-50FD-4A7A-B184-8119866F4084}"
EndProject
Project("{FAE04EC0-301F-11D3-BF4B-00C04F79EFBC}") = "Tyuiu.PetrovNE.Sprint0.Task2.V0", "Tyuiu.PetrovNE.Sprint0.Task2.V0\Tyuiu.PetrovNE.Sprint0.Task2.V0.csproj", "{A1A8A4CE-CEA6-4E66-BBB3-506638730B7B}"
EndProject
Project("{FAE04EC0-301F-11D3-BF4B-00C04F79EFBC}") = "Tyuiu.PetrovNE.Sprint0.Task2.V0.Lib", "Tyuiu.PetrovNE.Sprint0.Task2.V0.Lib\Tyuiu.PetrovNE.Sprint0.Task2.V0.Lib.csproj", "{8F6F55BA-5E73-414A-A421-3A5189D89430}"
EndProject
Project("{FAE04EC0-301F-11D3-BF4B-00C04F79EFBC}") = "Tyuiu.PetrovNE.Sprint0.Task2.V0.Test", "Tyuiu.PetrovNE.Sprint0.Task2.V0.Test\Tyuiu.PetrovNE.Sprint0.Task2.V0.Test.csproj", "{364D96A1-2906-44F0-8FB3-59C458E6024C}"
EndProject
Project("{2150E333-8FDC-42A3-9474-1A3956D46DE8}") = "Task3", "Task3", "{27E2A691-D627-47EA-835C-A947BA0C3BB3}"
EndProject
Project("{FAE04EC0-301F-11D3-BF4B-00C04F79EFBC}") = "Tyuiu.PetrovNE.Sprint0.Task3.V0", "Tyuiu.PetrovNE.Sprint0.Task3.V0\Tyuiu.PetrovNE.Sprint0.Task3.V0.csproj", "{D520EDC9-23AC-4875-8E5B-6EB7C2C8D15A}"
EndProject
Project("{FAE04EC0-301F-11D3-BF4B-00C04F79EFBC}") = "Tyuiu.PetrovNE.Sprint0.Task3.V0.Lib", "Tyuiu.PetrovNE.Sprint0.Task3.V0.Lib\Tyuiu.PetrovNE.Sprint0.Task3.V0.Lib.csproj", "{F914DEFF-91EB-40F2-9C34-75BB2EDCBE20}"
EndProject
Project("{FAE04EC0-301F-11D3-BF4B-00C04F79EFBC}") = "Tyuiu.PetrovNE.Sprint0.Task3.V0.Test", "Tyuiu.PetrovNE.Sprint0.Task3.V0.Test\Tyuiu.PetrovNE.Sprint0.Task3.V0.Test.csproj", "{44845A7F-6139-4A11-9137-05BBE2D3EA8E}"
EndProject
Project("{2150E333-8FDC-42A3-9474-1A3956D46DE8}") = "Task4", "Task4", "{36771B9D-5727-47E2-AE11-05AA160FF0E2}"
EndProject
Project("{FAE04EC0-301F-11D3-BF4B-00C04F79EFBC}") = "Tyuiu.PetrovNE.Sprint0.Task4.V0", "Tyuiu.PetrovNE.Sprint0.Task4.V0\Tyuiu.PetrovNE.Sprint0.Task4.V0.csproj", "{3F78BD4E-A435-4C81-96FB-2F22CDE4F780}"
EndProject
Project("{FAE04EC0-301F-11D3-BF4B-00C04F79EFBC}") = "Tyuiu.PetrovNE.Sprint0.Task4.V0.Lib", "Tyuiu.PetrovNE.Sprint0.Task4.V0.Lib\Tyuiu.PetrovNE.Sprint0.Task4.V0.Lib.csproj", "{457EB983-57CD-41BB-8D12-EA42B9FECAA0}"
EndProject
Project("{FAE04EC0-301F-11D3-BF4B-00C04F79EFBC}") = "Tyuiu.PetrovNE.Sprint0.Task4.V0.Test", "Tyuiu.PetrovNE.Sprint0.Task4.V0.Test\Tyuiu.PetrovNE.Sprint0.Task4.V0.Test.csproj", "{95A82DD9-6757-440B-9F16-4A6B71981C3B}"
EndProject
Project("{2150E333-8FDC-42A3-9474-1A3956D46DE8}") = "Task5", "Task5", "{DF1D4AFC-BB97-4694-A72B-EF569A4C43AB}"
EndProject
Project("{FAE04EC0-301F-11D3-BF4B-00C04F79EFBC}") = "Tyuiu.PetrovNE.Sprint0.Task5.V0", "Tyuiu.PetrovNE.Sprint0.Task5.V0\Tyuiu.PetrovNE.Sprint0.Task5.V0.csproj", "{8ACB40EF-565E-4B4F-B1E7-63D62AAED537}"
EndProject
Project("{FAE04EC0-301F-11D3-BF4B-00C04F79EFBC}") = "Tyuiu.PetrovNE.Sprint0.Task5.V0.Lib", "Tyuiu.PetrovNE.Sprint0.Task5.V0.Lib\Tyuiu.PetrovNE.Sprint0.Task5.V0.Lib.csproj", "{56619FF0-838E-46A7-8789-BF71A53C5B44}"
EndProject
Project("{FAE04EC0-301F-11D3-BF4B-00C04F79EFBC}") = "Tyuiu.PetrovNE.Sprint0.Task5.V0.Test", "Tyuiu.PetrovNE.Sprint0.Task5.V0.Test\Tyuiu.PetrovNE.Sprint0.Task5.V0.Test.csproj", "{E7619C36-25DD-49D8-8AF1-5AE5FBCEB11C}"
EndProject
Global
	GlobalSection(SolutionConfigurationPlatforms) = preSolution
		Debug|Any CPU = Debug|Any CPU
		Release|Any CPU = Release|Any CPU
	EndGlobalSection
	GlobalSection(ProjectConfigurationPlatforms) = postSolution
		{7061B7D7-09FB-48E6-9004-8E5C67867D1E}.Debug|Any CPU.ActiveCfg = Debug|Any CPU
		{7061B7D7-09FB-48E6-9004-8E5C67867D1E}.Debug|Any CPU.Build.0 = Debug|Any CPU
		{7061B7D7-09FB-48E6-9004-8E5C67867D1E}.Release|Any CPU.ActiveCfg = Release|Any CPU
		{7061B7D7-09FB-48E6-9004-8E5C67867D1E}.Release|Any CPU.Build.0 = Release|Any CPU
		{F4E57264-22D4-4A00-BD2F-CCF17805D1A3}.Debug|Any CPU.ActiveCfg = Debug|Any CPU
		{F4E57264-22D4-4A00-BD2F-CCF17805D1A3}.Debug|Any CPU.Build.0 = Debug|Any CPU
		{F4E57264-22D4-4A00-BD2F-CCF17805D1A3}.Release|Any CPU.ActiveCfg = Release|Any CPU
		{F4E57264-22D4-4A00-BD2F-CCF17805D1A3}.Release|Any CPU.Build.0 = Release|Any CPU
		{A1A8A4CE-CEA6-4E66-BBB3-506638730B7B}.Debug|Any CPU.ActiveCfg = Debug|Any CPU
		{A1A8A4CE-CEA6-4E66-BBB3-506638730B7B}.Debug|Any CPU.Build.0 = Debug|Any CPU
		{A1A8A4CE-CEA6-4E66-BBB3-506638730B7B}.Release|Any CPU.ActiveCfg = Release|Any CPU
		{A1A8A4CE-CEA6-4E66-BBB3-506638730B7B}.Release|Any CPU.Build.0 = Release|Any CPU
		{8F6F55BA-5E73-414A-A421-3A5189D89430}.Debug|Any CPU.ActiveCfg = Debug|Any CPU
		{8F6F55BA-5E73-414A-A421-3A5189D89430}.Debug|Any CPU.Build.0 = Debug|Any CPU
		{8F6F55BA-5E73-414A-A421-3A5189D89430}.Release|Any CPU.ActiveCfg = Release|Any CPU
		{8F6F55BA-5E73-414A-A421-3A5189D89430}.Release|Any CPU.Build.0 = Release|Any CPU
		{364D96A1-2906-44F0-8FB3-59C458E6024C}.Debug|Any CPU.ActiveCfg = Debug|Any CPU
		{364D96A1-2906-44F0-8FB3-59C458E6024C}.Debug|Any CPU.Build.0 = Debug|Any CPU
		{364D96A1-2906-44F0-8FB3-59C458E6024C}.Release|Any CPU.ActiveCfg = Release|Any CPU
		{364D96A1-2906-44F0-8FB3-59C458E6024C}.Release|Any CPU.Build.0 = Release|Any CPU
		{D520EDC9-23AC-4875-8E5B-6EB7C2C8D15A}.Debug|Any CPU.ActiveCfg = Debug|Any CPU
		{D520EDC9-23AC-4875-8E5B-6EB7C2C8D15A}.Debug|Any CPU.Build.0 = Debug|Any CPU
		{D520EDC9-23AC-4875-8E5B-6EB7C2C8D15A}.Release|Any CPU.ActiveCfg = Release|Any CPU
		{D520EDC9-23AC-4875-8E5B-6EB7C2C8D15A}.Release|Any CPU.Build.0 = Release|Any CPU
		{F914DEFF-91EB-40F2-9C34-75BB2EDCBE20}.Debug|Any CPU.ActiveCfg = Debug|Any CPU
		{F914DEFF-91EB-40F2-9C34-75BB2EDCBE20}.Debug|Any CPU.Build.0 = Debug|Any CPU
		{F914DEFF-91EB-40F2-9C34-75BB2EDCBE20}.Release|Any CPU.ActiveCfg = Release|Any CPU
		{F914DEFF-91EB-40F2-9C34-75BB2EDCBE20}.Release|Any CPU.Build.0 = Release|Any CPU
		{44845A7F-6139-4A11-9137-05BBE2D3EA8E}.Debug|Any CPU.ActiveCfg = Debug|Any CPU
		{44845A7F-6139-4A11-9137-05BBE2D3EA8E}.Debug|Any CPU.Build.0 = Debug|Any CPU
		{44845A7F-6139-4A11-9137-05BBE2D3EA8E}.Release|Any CPU.ActiveCfg = Release|Any CPU
		{44845A7F-6139-4A11-9137-05BBE2D3EA8E}.Release|Any CPU.Build.0 = Release|Any CPU
		{3F78BD4E-A435-4C81-96FB-2F22CDE4F780}.Debug|Any CPU.ActiveCfg = Debug|Any CPU
		{3F78BD4E-A435-4C81-96FB-2F22CDE4F780}.Debug|Any CPU.Build.0 = Debug|Any CPU
		{3F78BD4E-A435-4C81-96FB-2F22CDE4F780}.Release|Any CPU.ActiveCfg = Release|Any CPU
		{3F78BD4E-A435-4C81-96FB-2F22CDE4F780}.Release|Any CPU.Build.0 = Release|Any CPU
		{457EB983-57CD-41BB-8D12-EA42B9FECAA0}.Debug|Any CPU.ActiveCfg = Debug|Any CPU
		{457EB983-57CD-41BB-8D12-EA42B9FECAA0}.Debug|Any CPU.Build.0 = Debug|Any CPU
		{457EB983-57CD-41BB-8D12-EA42B9FECAA0}.Release|Any CPU.ActiveCfg = Release|Any CPU
		{457EB983-57CD-41BB-8D12-EA42B9FECAA0}.Release|Any CPU.Build.0 = Release|Any CPU
		{95A82DD9-6757-440B-9F16-4A6B71981C3B}.Debug|Any CPU.ActiveCfg = Debug|Any CPU
		{95A82DD9-6757-440B-9F16-4A6B71981C3B}.Debug|Any CPU.Build.0 = Debug|Any CPU
		{95A82DD9-6757-440B-9F16-4A6B71981C3B}.Release|Any CPU.ActiveCfg = Release|Any CPU
		{95A82DD9-6757-440B-9F16-4A6B71981C3B}.Release|Any CPU.Build.0 = Release|Any CPU
		{8ACB40EF-565E-4B4F-B1E7-63D62AAED537}.Debug|Any CPU.ActiveCfg = Debug|Any CPU
		{8ACB40EF-565E-4B4F-B1E7-63D62AAED537}.Debug|Any CPU.Build.0 = Debug|Any CPU
		{8ACB40EF-565E-4B4F-B1E7-63D62AAED537}.Release|Any CPU.ActiveCfg = Release|Any CPU
		{8ACB40EF-565E-4B4F-B1E7-63D62AAED537}.Release|Any CPU.Build.0 = Release|Any CPU
		{56619FF0-838E-46A7-8789-BF71A53C5B44}.Debug|Any CPU.ActiveCfg = Debug|Any CPU
		{56619FF0-838E-46A7-8789-BF71A53C5B44}.Debug|Any CPU.Build.0 = Debug|Any CPU
		{56619FF0-838E-46A7-8789-BF71A53C5B44}.Release|Any CPU.ActiveCfg = Release|Any CPU
		{56619FF0-838E-46A7-8789-BF71A53C5B44}.Release|Any CPU.Build.0 = Release|Any CPU
		{E7619C36-25DD-49D8-8AF1-5AE5FBCEB11C}.Debug|Any CPU.ActiveCfg = Debug|Any CPU
		{E7619C36-25DD-49D8-8AF1-5AE5FBCEB11C}.Debug|Any CPU.Build.0 = Debug|Any CPU
		{E7619C36-25DD-49D8-8AF1-5AE5FBCEB11C}.Release|Any CPU.ActiveCfg = Release|Any CPU
		{E7619C36-25DD-49D8-8AF1-5AE5FBCEB11C}.Release|Any CPU.Build.0 = Release|Any CPU
	EndGlobalSection
	GlobalSection(SolutionProperties) = preSolution
		HideSolutionNode = FALSE
	EndGlobalSection
	GlobalSection(NestedProjects) = preSolution
		{7061B7D7-09FB-48E6-9004-8E5C67867D1E} = {AF56DF64-B8AA-4A60-BF39-8EB25E71FBF5}
		{F4E57264-22D4-4A00-BD2F-CCF17805D1A3} = {CAD6B179-0CC6-465F-B08A-3DDE386C3519}
		{A1A8A4CE-CEA6-4E66-BBB3-506638730B7B} = {7224923A-50FD-4A7A-B184-8119866F4084}
		{8F6F55BA-5E73-414A-A421-3A5189D89430} = {7224923A-50FD-4A7A-B184-8119866F4084}
		{364D96A1-2906-44F0-8FB3-59C458E6024C} = {7224923A-50FD-4A7A-B184-8119866F4084}
		{D520EDC9-23AC-4875-8E5B-6EB7C2C8D15A} = {27E2A691-D627-47EA-835C-A947BA0C3BB3}
		{F914DEFF-91EB-40F2-9C34-75BB2EDCBE20} = {27E2A691-D627-47EA-835C-A947BA0C3BB3}
		{44845A7F-6139-4A11-9137-05BBE2D3EA8E} = {27E2A691-D627-47EA-835C-A947BA0C3BB3}
		{3F78BD4E-A435-4C81-96FB-2F22CDE4F780} = {36771B9D-5727-47E2-AE11-05AA160FF0E2}
		{457EB983-57CD-41BB-8D12-EA42B9FECAA0} = {36771B9D-5727-47E2-AE11-05AA160FF0E2}
		{95A82DD9-6757-440B-9F16-4A6B71981C3B} = {36771B9D-5727-47E2-AE11-05AA160FF0E2}
		{8ACB40EF-565E-4B4F-B1E7-63D62AAED537} = {DF1D4AFC-BB97-4694-A72B-EF569A4C43AB}
		{56619FF0-838E-46A7-8789-BF71A53C5B44} = {DF1D4AFC-BB97-4694-A72B-EF569A4C43AB}
		{E7619C36-25DD-49D8-8AF1-5AE5FBCEB11C} = {DF1D4AFC-BB97-4694-A72B-EF569A4C43AB}
	EndGlobalSection
	GlobalSection(ExtensibilityGlobals) = postSolution
		SolutionGuid = {A2FCE1AC-AFCF-4ECF-BCA4-CD4A751F52D0}
	EndGlobalSection
EndGlobal
